
Microsoft Visual Studio Solution File, Format Version 12.00
# Visual Studio Version 17
VisualStudioVersion = 17.8.34511.84
MinimumVisualStudioVersion = 10.0.40219.1
Project("{FAE04EC0-301F-11D3-BF4B-00C04F79EFBC}") = "BuiTanThanh_2280602928_W3", "BuiTanThanh_2280602928_W3.csproj", "{F27315F1-1700-443F-AE0A-CC867ED58B66}"
EndProject
Global
	GlobalSection(SolutionConfigurationPlatforms) = preSolution
		Debug|Any CPU = Debug|Any CPU
		Release|Any CPU = Release|Any CPU
	EndGlobalSection
	GlobalSection(ProjectConfigurationPlatforms) = postSolution
		{F27315F1-1700-443F-AE0A-CC867ED58B66}.Debug|Any CPU.ActiveCfg = Debug|Any CPU
		{F27315F1-1700-443F-AE0A-CC867ED58B66}.Debug|Any CPU.Build.0 = Debug|Any CPU
		{F27315F1-1700-443F-AE0A-CC867ED58B66}.Release|Any CPU.ActiveCfg = Release|Any CPU
		{F27315F1-1700-443F-AE0A-CC867ED58B66}.Release|Any CPU.Build.0 = Release|Any CPU
	EndGlobalSection
	GlobalSection(SolutionProperties) = preSolution
		HideSolutionNode = FALSE
	EndGlobalSection
	GlobalSection(ExtensibilityGlobals) = postSolution
		SolutionGuid = {05017230-7646-463D-A26B-4C2446F1BA1E}
	EndGlobalSection
EndGlobal
